{
  "version": "2",
  "remote": {
    "https://deno.land/std@0.140.0/_util/assert.ts": "e94f2eb37cebd7f199952e242c77654e43333c1ac4c5c700e929ea3aa5489f74",
    "https://deno.land/std@0.140.0/_util/os.ts": "3b4c6e27febd119d36a416d7a97bd3b0251b77c88942c8f16ee5953ea13e2e49",
    "https://deno.land/std@0.140.0/fs/_util.ts": "0fb24eb4bfebc2c194fb1afdb42b9c3dda12e368f43e8f2321f84fc77d42cb0f",
    "https://deno.land/std@0.140.0/fs/ensure_dir.ts": "9dc109c27df4098b9fc12d949612ae5c9c7169507660dcf9ad90631833209d9d",
    "https://deno.land/std@0.140.0/fs/expand_glob.ts": "0c10130d67c9b02164b03df8e43c6d6defbf8e395cb69d09e84a8586e6d72ac3",
    "https://deno.land/std@0.140.0/fs/walk.ts": "117403ccd21fd322febe56ba06053b1ad5064c802170f19b1ea43214088fe95f",
    "https://deno.land/std@0.140.0/path/_constants.ts": "df1db3ffa6dd6d1252cc9617e5d72165cd2483df90e93833e13580687b6083c3",
    "https://deno.land/std@0.140.0/path/_interface.ts": "ee3b431a336b80cf445441109d089b70d87d5e248f4f90ff906820889ecf8d09",
    "https://deno.land/std@0.140.0/path/_util.ts": "c1e9686d0164e29f7d880b2158971d805b6e0efc3110d0b3e24e4b8af2190d2b",
    "https://deno.land/std@0.140.0/path/common.ts": "bee563630abd2d97f99d83c96c2fa0cca7cee103e8cb4e7699ec4d5db7bd2633",
    "https://deno.land/std@0.140.0/path/glob.ts": "cb5255638de1048973c3e69e420c77dc04f75755524cb3b2e160fe9277d939ee",
    "https://deno.land/std@0.140.0/path/mod.ts": "d3e68d0abb393fb0bf94a6d07c46ec31dc755b544b13144dee931d8d5f06a52d",
    "https://deno.land/std@0.140.0/path/posix.ts": "293cdaec3ecccec0a9cc2b534302dfe308adb6f10861fa183275d6695faace44",
    "https://deno.land/std@0.140.0/path/separator.ts": "fe1816cb765a8068afb3e8f13ad272351c85cbc739af56dacfc7d93d710fe0f9",
    "https://deno.land/std@0.140.0/path/win32.ts": "31811536855e19ba37a999cd8d1b62078235548d67902ece4aa6b814596dd757",
    "https://deno.land/std@0.150.0/_util/assert.ts": "e94f2eb37cebd7f199952e242c77654e43333c1ac4c5c700e929ea3aa5489f74",
    "https://deno.land/std@0.150.0/_util/os.ts": "3b4c6e27febd119d36a416d7a97bd3b0251b77c88942c8f16ee5953ea13e2e49",
    "https://deno.land/std@0.150.0/async/abortable.ts": "87aa7230be8360c24ad437212311c9e8d4328854baec27b4c7abb26e85515c06",
    "https://deno.land/std@0.150.0/async/deadline.ts": "48ac998d7564969f3e6ec6b6f9bf0217ebd00239b1b2292feba61272d5dd58d0",
    "https://deno.land/std@0.150.0/async/debounce.ts": "564273ef242bcfcda19a439132f940db8694173abffc159ea34f07d18fc42620",
    "https://deno.land/std@0.150.0/async/deferred.ts": "bc18e28108252c9f67dfca2bbc4587c3cbf3aeb6e155f8c864ca8ecff992b98a",
    "https://deno.land/std@0.150.0/async/delay.ts": "cbbdf1c87d1aed8edc7bae13592fb3e27e3106e0748f089c263390d4f49e5f6c",
    "https://deno.land/std@0.150.0/async/mod.ts": "9852cd8ed897ab2d41a8fbee611d574e97898327db5c19d9d58e41126473f02c",
    "https://deno.land/std@0.150.0/async/mux_async_iterator.ts": "5b4aca6781ad0f2e19ccdf1d1a1c092ccd3e00d52050d9c27c772658c8367256",
    "https://deno.land/std@0.150.0/async/pool.ts": "ef9eb97b388543acbf0ac32647121e4dbe629236899586c4d4311a8770fbb239",
    "https://deno.land/std@0.150.0/async/tee.ts": "bcfae0017ebb718cf4eef9e2420e8675d91cb1bcc0ed9b668681af6e6caad846",
    "https://deno.land/std@0.150.0/flags/mod.ts": "594472736e24b2f2afd3451cf7ccd58a21706ce91006478a544fdfa056c69697",
    "https://deno.land/std@0.150.0/fs/_util.ts": "2cf50bfb1081c2d5f2efec10ac19abbc2baf478e51cd1b057d0da2f30585b6ba",
    "https://deno.land/std@0.150.0/fs/walk.ts": "6ce8d87fbaeda23383e979599ad27f3f94b3e5ff0c0cd976b5fc5c2aa0df7d92",
    "https://deno.land/std@0.150.0/http/http_status.ts": "897575a7d6bc2b9123f6a38ecbc0f03d95a532c5d92029315dc9f508e12526b8",
    "https://deno.land/std@0.150.0/http/server.ts": "0b0a9f3abfcfecead944b31ee9098a0c11a59b0495bf873ee200eb80e7441483",
    "https://deno.land/std@0.150.0/media_types/_util.ts": "ce9b4fc4ba1c447dafab619055e20fd88236ca6bdd7834a21f98bd193c3fbfa1",
    "https://deno.land/std@0.150.0/media_types/mod.ts": "2d4b6f32a087029272dc59e0a55ae3cc4d1b27b794ccf528e94b1925795b3118",
    "https://deno.land/std@0.150.0/media_types/vendor/mime-db.v1.52.0.ts": "724cee25fa40f1a52d3937d6b4fbbfdd7791ff55e1b7ac08d9319d5632c7f5af",
    "https://deno.land/std@0.150.0/path/_constants.ts": "df1db3ffa6dd6d1252cc9617e5d72165cd2483df90e93833e13580687b6083c3",
    "https://deno.land/std@0.150.0/path/_interface.ts": "ee3b431a336b80cf445441109d089b70d87d5e248f4f90ff906820889ecf8d09",
    "https://deno.land/std@0.150.0/path/_util.ts": "c1e9686d0164e29f7d880b2158971d805b6e0efc3110d0b3e24e4b8af2190d2b",
    "https://deno.land/std@0.150.0/path/common.ts": "bee563630abd2d97f99d83c96c2fa0cca7cee103e8cb4e7699ec4d5db7bd2633",
    "https://deno.land/std@0.150.0/path/glob.ts": "cb5255638de1048973c3e69e420c77dc04f75755524cb3b2e160fe9277d939ee",
    "https://deno.land/std@0.150.0/path/mod.ts": "4945b430b759b0b3d98f2a278542cbcf95e0ad2bd8eaaed3c67322b306b2b346",
    "https://deno.land/std@0.150.0/path/posix.ts": "c1f7afe274290ea0b51da07ee205653b2964bd74909a82deb07b69a6cc383aaa",
    "https://deno.land/std@0.150.0/path/separator.ts": "fe1816cb765a8068afb3e8f13ad272351c85cbc739af56dacfc7d93d710fe0f9",
    "https://deno.land/std@0.150.0/path/win32.ts": "bd7549042e37879c68ff2f8576a25950abbfca1d696d41d82c7bca0b7e6f452c",
    "https://deno.land/std@0.150.0/semver/mod.ts": "4a5195fa81b4aede8875a386550a1119f01fb58d74aea899b2cfb136c05a7310",
    "https://deno.land/std@0.152.0/async/abortable.ts": "87aa7230be8360c24ad437212311c9e8d4328854baec27b4c7abb26e85515c06",
    "https://deno.land/std@0.152.0/async/deadline.ts": "48ac998d7564969f3e6ec6b6f9bf0217ebd00239b1b2292feba61272d5dd58d0",
    "https://deno.land/std@0.152.0/async/debounce.ts": "564273ef242bcfcda19a439132f940db8694173abffc159ea34f07d18fc42620",
    "https://deno.land/std@0.152.0/async/deferred.ts": "bc18e28108252c9f67dfca2bbc4587c3cbf3aeb6e155f8c864ca8ecff992b98a",
    "https://deno.land/std@0.152.0/async/delay.ts": "cbbdf1c87d1aed8edc7bae13592fb3e27e3106e0748f089c263390d4f49e5f6c",
    "https://deno.land/std@0.152.0/async/mod.ts": "dd0a8ed4f3984ffabe2fcca7c9f466b7932d57b1864ffee148a5d5388316db6b",
    "https://deno.land/std@0.152.0/async/mux_async_iterator.ts": "5b4aca6781ad0f2e19ccdf1d1a1c092ccd3e00d52050d9c27c772658c8367256",
    "https://deno.land/std@0.152.0/async/pool.ts": "ef9eb97b388543acbf0ac32647121e4dbe629236899586c4d4311a8770fbb239",
    "https://deno.land/std@0.152.0/async/tee.ts": "bcfae0017ebb718cf4eef9e2420e8675d91cb1bcc0ed9b668681af6e6caad846",
    "https://deno.land/std@0.152.0/http/server.ts": "0b0a9f3abfcfecead944b31ee9098a0c11a59b0495bf873ee200eb80e7441483",
    "https://deno.land/std@0.160.0/_util/assert.ts": "e94f2eb37cebd7f199952e242c77654e43333c1ac4c5c700e929ea3aa5489f74",
    "https://deno.land/std@0.160.0/_util/os.ts": "8a33345f74990e627b9dfe2de9b040004b08ea5146c7c9e8fe9a29070d193934",
    "https://deno.land/std@0.160.0/async/abortable.ts": "87aa7230be8360c24ad437212311c9e8d4328854baec27b4c7abb26e85515c06",
    "https://deno.land/std@0.160.0/async/deadline.ts": "48ac998d7564969f3e6ec6b6f9bf0217ebd00239b1b2292feba61272d5dd58d0",
    "https://deno.land/std@0.160.0/async/debounce.ts": "dc8b92d4a4fe7eac32c924f2b8d3e62112530db70cadce27042689d82970b350",
    "https://deno.land/std@0.160.0/async/deferred.ts": "d8fb253ffde2a056e4889ef7e90f3928f28be9f9294b6505773d33f136aab4e6",
    "https://deno.land/std@0.160.0/async/delay.ts": "0419dfc993752849692d1f9647edf13407c7facc3509b099381be99ffbc9d699",
    "https://deno.land/std@0.160.0/async/mod.ts": "dd0a8ed4f3984ffabe2fcca7c9f466b7932d57b1864ffee148a5d5388316db6b",
    "https://deno.land/std@0.160.0/async/mux_async_iterator.ts": "3447b28a2a582224a3d4d3596bccbba6e85040da3b97ed64012f7decce98d093",
    "https://deno.land/std@0.160.0/async/pool.ts": "ef9eb97b388543acbf0ac32647121e4dbe629236899586c4d4311a8770fbb239",
    "https://deno.land/std@0.160.0/async/tee.ts": "9af3a3e7612af75861308b52249e167f5ebc3dcfc8a1a4d45462d96606ee2b70",
    "https://deno.land/std@0.160.0/bytes/bytes_list.ts": "aba5e2369e77d426b10af1de0dcc4531acecec27f9b9056f4f7bfbf8ac147ab4",
    "https://deno.land/std@0.160.0/bytes/equals.ts": "3c3558c3ae85526f84510aa2b48ab2ad7bdd899e2e0f5b7a8ffc85acb3a6043a",
    "https://deno.land/std@0.160.0/bytes/mod.ts": "b2e342fd3669176a27a4e15061e9d588b89c1aaf5008ab71766e23669565d179",
    "https://deno.land/std@0.160.0/crypto/_fnv/fnv32.ts": "aa9bddead8c6345087d3abd4ef35fb9655622afc333fc41fff382b36e64280b5",
    "https://deno.land/std@0.160.0/crypto/_fnv/fnv64.ts": "625d7e7505b6cb2e9801b5fd6ed0a89256bac12b2bbb3e4664b85a88b0ec5bef",
    "https://deno.land/std@0.160.0/crypto/_fnv/index.ts": "a8f6a361b4c6d54e5e89c16098f99b6962a1dd6ad1307dbc97fa1ecac5d7060a",
    "https://deno.land/std@0.160.0/crypto/_fnv/util.ts": "4848313bed7f00f55be3cb080aa0583fc007812ba965b03e4009665bde614ce3",
    "https://deno.land/std@0.160.0/crypto/_wasm_crypto/lib/deno_std_wasm_crypto.generated.mjs": "258b484c2da27578bec61c01d4b62c21f72268d928d03c968c4eb590cb3bd830",
    "https://deno.land/std@0.160.0/crypto/_wasm_crypto/mod.ts": "6c60d332716147ded0eece0861780678d51b560f533b27db2e15c64a4ef83665",
    "https://deno.land/std@0.160.0/crypto/keystack.ts": "e481eed28007395e554a435e880fee83a5c73b9259ed8a135a75e4b1e4f381f7",
    "https://deno.land/std@0.160.0/crypto/mod.ts": "fadedc013b4a86fda6305f1adc6d1c02225834d53cff5d95cc05f62b25127517",
    "https://deno.land/std@0.160.0/crypto/timing_safe_equal.ts": "82a29b737bc8932d75d7a20c404136089d5d23629e94ba14efa98a8cc066c73e",
    "https://deno.land/std@0.160.0/datetime/formatter.ts": "7c8e6d16a0950f400aef41b9f1eb9168249869776ec520265dfda785d746589e",
    "https://deno.land/std@0.160.0/datetime/mod.ts": "ea927ca96dfb28c7b9a5eed5bdc7ac46bb9db38038c4922631895cea342fea87",
    "https://deno.land/std@0.160.0/datetime/tokenizer.ts": "7381e28f6ab51cb504c7e132be31773d73ef2f3e1e50a812736962b9df1e8c47",
    "https://deno.land/std@0.160.0/encoding/base64.ts": "c57868ca7fa2fbe919f57f88a623ad34e3d970d675bdc1ff3a9d02bba7409db2",
    "https://deno.land/std@0.160.0/encoding/base64url.ts": "a5f82a9fa703bd85a5eb8e7c1296bc6529e601ebd9642cc2b5eaa6b38fa9e05a",
    "https://deno.land/std@0.160.0/encoding/hex.ts": "4cc5324417cbb4ac9b828453d35aed45b9cc29506fad658f1f138d981ae33795",
    "https://deno.land/std@0.160.0/fmt/colors.ts": "9e36a716611dcd2e4865adea9c4bec916b5c60caad4cdcdc630d4974e6bb8bd4",
    "https://deno.land/std@0.160.0/io/buffer.ts": "fae02290f52301c4e0188670e730cd902f9307fb732d79c4aa14ebdc82497289",
    "https://deno.land/std@0.160.0/io/types.d.ts": "107e1e64834c5ba917c783f446b407d33432c5d612c4b3430df64fc2b4ecf091",
    "https://deno.land/std@0.160.0/path/_constants.ts": "df1db3ffa6dd6d1252cc9617e5d72165cd2483df90e93833e13580687b6083c3",
    "https://deno.land/std@0.160.0/path/_interface.ts": "ee3b431a336b80cf445441109d089b70d87d5e248f4f90ff906820889ecf8d09",
    "https://deno.land/std@0.160.0/path/_util.ts": "d16be2a16e1204b65f9d0dfc54a9bc472cafe5f4a190b3c8471ec2016ccd1677",
    "https://deno.land/std@0.160.0/path/common.ts": "bee563630abd2d97f99d83c96c2fa0cca7cee103e8cb4e7699ec4d5db7bd2633",
    "https://deno.land/std@0.160.0/path/glob.ts": "cb5255638de1048973c3e69e420c77dc04f75755524cb3b2e160fe9277d939ee",
    "https://deno.land/std@0.160.0/path/mod.ts": "56fec03ad0ebd61b6ab39ddb9b0ddb4c4a5c9f2f4f632e09dd37ec9ebfd722ac",
    "https://deno.land/std@0.160.0/path/posix.ts": "6b63de7097e68c8663c84ccedc0fd977656eb134432d818ecd3a4e122638ac24",
    "https://deno.land/std@0.160.0/path/separator.ts": "fe1816cb765a8068afb3e8f13ad272351c85cbc739af56dacfc7d93d710fe0f9",
    "https://deno.land/std@0.160.0/path/win32.ts": "ee8826dce087d31c5c81cd414714e677eb68febc40308de87a2ce4b40e10fb8d",
    "https://deno.land/std@0.160.0/testing/_diff.ts": "a23e7fc2b4d8daa3e158fa06856bedf5334ce2a2831e8bf9e509717f455adb2c",
    "https://deno.land/std@0.160.0/testing/_format.ts": "cd11136e1797791045e639e9f0f4640d5b4166148796cad37e6ef75f7d7f3832",
    "https://deno.land/std@0.160.0/testing/asserts.ts": "1e340c589853e82e0807629ba31a43c84ebdcdeca910c4a9705715dfdb0f5ce8",
    "https://deno.land/std@0.163.0/dotenv/mod.ts": "b149416f0daa0361873097495d16adbb321b8bcb594dcc5cdb6bf9639fd173fd",
    "https://deno.land/std@0.163.0/dotenv/util.ts": "6cc392f087577a26a27f0463f77cc0c31a390aa055917099935b36eb2454592d",
    "https://deno.land/x/code_block_writer@11.0.3/mod.ts": "2c3448060e47c9d08604c8f40dee34343f553f33edcdfebbf648442be33205e5",
    "https://deno.land/x/code_block_writer@11.0.3/utils/string_utils.ts": "60cb4ec8bd335bf241ef785ccec51e809d576ff8e8d29da43d2273b69ce2a6ff",
    "https://deno.land/x/denoflate@1.2.1/mod.ts": "f5628e44b80b3d80ed525afa2ba0f12408e3849db817d47a883b801f9ce69dd6",
    "https://deno.land/x/denoflate@1.2.1/pkg/denoflate.js": "b9f9ad9457d3f12f28b1fb35c555f57443427f74decb403113d67364e4f2caf4",
    "https://deno.land/x/denoflate@1.2.1/pkg/denoflate_bg.wasm.js": "d581956245407a2115a3d7e8d85a9641c032940a8e810acbd59ca86afd34d44d",
    "https://deno.land/x/dex@1.0.2/lib/client.js": "905c718898f15af0282d3c0b8516ab51d70cd01551053b55615647d3fd49a3bf",
    "https://deno.land/x/dex@1.0.2/lib/constants.js": "bd92962186cc91e68ef757b8c555c43e123d4bed882ef1479cb011b205e05c22",
    "https://deno.land/x/dex@1.0.2/lib/deps/@jspm/core@1.1.0/nodelibs/assert.js": "db792420293b038b87fcf5ce98d396c6756fd07b4f1075f2ee788226e38fcfe7",
    "https://deno.land/x/dex@1.0.2/lib/deps/@jspm/core@1.1.0/nodelibs/buffer.js": "b22b2ad13db5aa1d201ff168606a0887c506a32f2b63a8b8cd2bcc573729feed",
    "https://deno.land/x/dex@1.0.2/lib/deps/@jspm/core@1.1.0/nodelibs/chunk-0c2d1322.js": "3eed4c7a6cf097af01d9102b533f5a00f12163316eee6aa9c5c83e8b2adb24e5",
    "https://deno.land/x/dex@1.0.2/lib/deps/@jspm/core@1.1.0/nodelibs/chunk-6e68c801.js": "85f5b4212f0ff18cbcc3a417c988432737f4d7c2b26e07f67bf2658974b15bc6",
    "https://deno.land/x/dex@1.0.2/lib/deps/@jspm/core@1.1.0/nodelibs/chunk-cffba9d4.js": "4775d27b6403f736065d991a2f62ac635354e6b9565e61c61c22e237aa43b639",
    "https://deno.land/x/dex@1.0.2/lib/deps/@jspm/core@1.1.0/nodelibs/chunk-dac557ba.js": "a917b00203ad764a7afc8cac0dde576055ff16cd1ceab1a5bb98ea6440d861a5",
    "https://deno.land/x/dex@1.0.2/lib/deps/@jspm/core@1.1.0/nodelibs/events.js": "5dead024fc719a520451f9b05f32fb4ef96b3c4c70ed6c79dd5bab394cb7eb07",
    "https://deno.land/x/dex@1.0.2/lib/deps/@jspm/core@1.1.0/nodelibs/process.js": "ab0dae5ab1c188ea0f45e7287d678b6265db4c0c1f620095c97f8e7066d71035",
    "https://deno.land/x/dex@1.0.2/lib/deps/@jspm/core@1.1.0/nodelibs/punycode.js": "fbdd9326ed746df13644e326e7bba399897c5b02c870a9631a1b3cd08847a3f0",
    "https://deno.land/x/dex@1.0.2/lib/deps/@jspm/core@1.1.0/nodelibs/querystring.js": "891b1f931d9f56336969c533d2c709cbc458d65374ec02fe32c1f2e880a75e79",
    "https://deno.land/x/dex@1.0.2/lib/deps/@jspm/core@1.1.0/nodelibs/stream.js": "895c46b6f7b80a3d9db5938618585ddde21762f6fb4e1f896b32be04ce1e7a0f",
    "https://deno.land/x/dex@1.0.2/lib/deps/@jspm/core@1.1.0/nodelibs/timers.js": "7c7f02d18b554719b29e872559feb011515c05a9895c04d74b695126cee9952b",
    "https://deno.land/x/dex@1.0.2/lib/deps/@jspm/core@1.1.0/nodelibs/tty.js": "2593af2020c566cc57c2094a96cedd64f569c08e76c8f99a8be55ea222a8cdff",
    "https://deno.land/x/dex@1.0.2/lib/deps/@jspm/core@1.1.0/nodelibs/url.js": "8e113e4a2c8dc03c638ae6b1e552d2720f8ebdfb070813707d4f6457c36867c6",
    "https://deno.land/x/dex@1.0.2/lib/deps/@jspm/core@1.1.0/nodelibs/util.js": "105e7ffa8e90abac335474f19229025f865d58add871c31ef6b194524c3a83bd",
    "https://deno.land/x/dex@1.0.2/lib/deps/colors/colors.ts": "127ce39ca2ad9714d4ada8d61367f540d76b5b0462263aa839166876b522d3de",
    "https://deno.land/x/dex@1.0.2/lib/deps/debug@4.1.1/src/browser.dew.js": "be5266eb5fee011c8c9740e0c7fc539082b8a0c201012104942883a4ea679e81",
    "https://deno.land/x/dex@1.0.2/lib/deps/debug@4.1.1/src/common.dew.js": "30a6ecfa798e18e49798d77586379863abade1c46ef362d2b96366e17183bfd0",
    "https://deno.land/x/dex@1.0.2/lib/deps/debug@4.1.1/src/index.dew.js": "4e4535c0d26d7d3e394095bd137507b966a6f1b3473d2cbd5509e9adf9d0b72b",
    "https://deno.land/x/dex@1.0.2/lib/deps/debug@4.1.1/src/index.js": "37de5943e0b49045c479faec60066c74ead36db145e01b30434393172784d165",
    "https://deno.land/x/dex@1.0.2/lib/deps/debug@4.1.1/src/node.dew.js": "8b040b2407f6806b91161333d83f46289efc88937a475d2ff175b85fab66f65a",
    "https://deno.land/x/dex@1.0.2/lib/deps/fmt/colors.ts": "127ce39ca2ad9714d4ada8d61367f540d76b5b0462263aa839166876b522d3de",
    "https://deno.land/x/dex@1.0.2/lib/deps/hash/sha1.ts": "f963ff591f45ad6b129a060a3f28a9f6a14ee8e88db87cacf4fd7bd53b56d651",
    "https://deno.land/x/dex@1.0.2/lib/deps/inherits@2.0.4/inherits.dew.js": "2e1bdabbb389690676c125967a1d4c756e4dc1e670c7e51d58e574ded4c1d96e",
    "https://deno.land/x/dex@1.0.2/lib/deps/inherits@2.0.4/inherits.js": "6b684e06282565ee2a096c605a0bad5735a40ac5e6743a18bc9de370cd9a2b4d",
    "https://deno.land/x/dex@1.0.2/lib/deps/inherits@2.0.4/inherits_browser.dew.js": "9d3b15dd8ae6d05b71806ba70371069c12a3583b590e420f23b09b3c5b4dc5c5",
    "https://deno.land/x/dex@1.0.2/lib/deps/lodash@4.17.15/index.dew.js": "8774f485d3bdd99ef382ee1fb1af98b013320f17e2ec19f7ac121cf0d4fdeeb4",
    "https://deno.land/x/dex@1.0.2/lib/deps/lodash@4.17.15/index.js": "37de5943e0b49045c479faec60066c74ead36db145e01b30434393172784d165",
    "https://deno.land/x/dex@1.0.2/lib/deps/lodash@4.17.15/lodash.dew.js": "6b330ef16b890c89ebd6af591608707201446ea04db1ac55114a83683f09d290",
    "https://deno.land/x/dex@1.0.2/lib/deps/ms@2.1.2/index.dew.js": "1381705d3317e157d0b59ff08cba9f86efa02788a481fdf2b9dbcef950b5d4a5",
    "https://deno.land/x/dex@1.0.2/lib/deps/node/util.ts": "23b9d747de17493a5ca42c27852b2e06f84aab43517af1ac21d2aa4940bd1deb",
    "https://deno.land/x/dex@1.0.2/lib/deps/path/_constants.ts": "f6c332625f21d49d5a69414ba0956ac784dbf4b26a278041308e4914ba1c7e2e",
    "https://deno.land/x/dex@1.0.2/lib/deps/path/_globrex.ts": "30146377e2c49ea49f049a18b7d3a0504150ff29509d28f4938ef2711cf38302",
    "https://deno.land/x/dex@1.0.2/lib/deps/path/_util.ts": "b678a7ecbac6b04c1166832ae54e1024c0431dd2b340b013c46eb2956ab24d4c",
    "https://deno.land/x/dex@1.0.2/lib/deps/path/common.ts": "95115757c9dc9e433a641f80ee213553b6752aa6fbb87eb9f16f6045898b6b14",
    "https://deno.land/x/dex@1.0.2/lib/deps/path/glob.ts": "ab85e98e4590eae10e561ce8266ad93ebe5af2b68c34dc68b85d9e25bccb4eb7",
    "https://deno.land/x/dex@1.0.2/lib/deps/path/interface.ts": "89f6e68b0e3bba1401a740c8d688290957de028ed86f95eafe76fe93790ae450",
    "https://deno.land/x/dex@1.0.2/lib/deps/path/mod.ts": "a789541f8df9170311daa98313c5a76c06b5988f2948647957b3ec6e017d963e",
    "https://deno.land/x/dex@1.0.2/lib/deps/path/posix.ts": "b742fe902d5d6821c39c02319eb32fc5a92b4d4424b533c47f1a50610afbf381",
    "https://deno.land/x/dex@1.0.2/lib/deps/path/separator.ts": "7bdb45c19c5c934c49c69faae861b592ef17e6699a923449d3eaaf83ec4e7919",
    "https://deno.land/x/dex@1.0.2/lib/deps/path/win32.ts": "61248a2b252bb8534f54dafb4546863545e150d2016c74a32e2a4cfb8e061b3f",
    "https://deno.land/x/dex@1.0.2/lib/deps/pg-connection-string@2.2.0/index.dew.js": "c51a57b4aafb579c7f377fa4fda3625e74df2b90c72fe7e78c9d08a8bbefd5c8",
    "https://deno.land/x/dex@1.0.2/lib/deps/pg-connection-string@2.2.0/index.js": "37de5943e0b49045c479faec60066c74ead36db145e01b30434393172784d165",
    "https://deno.land/x/dex@1.0.2/lib/deps/tarn@3.0.0/dist/PendingOperation.dew.js": "24bfaa6a605fc0fe63646dbc9f17d8f9c4bbda24252b222ab6ce46a3ff1c8a7c",
    "https://deno.land/x/dex@1.0.2/lib/deps/tarn@3.0.0/dist/Pool.dew.js": "3b09326317f3b775514a5746091a9fe5a9723a72369b43bd89859b64383272b8",
    "https://deno.land/x/dex@1.0.2/lib/deps/tarn@3.0.0/dist/PromiseInspection.dew.js": "5a4ad7b1f4ee8fc0764b40ac6ae1517bf9a96f9eeff0d44ae810c5e3175889c4",
    "https://deno.land/x/dex@1.0.2/lib/deps/tarn@3.0.0/dist/Resource.dew.js": "6c707d4165058ec1c42eeff998222e2005551d3f73d2b821cfd610b4d6ec88a4",
    "https://deno.land/x/dex@1.0.2/lib/deps/tarn@3.0.0/dist/TimeoutError.dew.js": "255b5f9ccbdd07b0394aedf1797498305798f6b52509f9f4a2409d2d5944d59c",
    "https://deno.land/x/dex@1.0.2/lib/deps/tarn@3.0.0/dist/tarn.dew.js": "41ffa373fcec7c11c6e7c9cafcae8ce5ac897de1665413309cb26a829ae70129",
    "https://deno.land/x/dex@1.0.2/lib/deps/tarn@3.0.0/dist/tarn.js": "ebe6b2cd7563dacbe9e9f1a78686c4fbf4d08d56b5b1de38155e4e5d05bf8b9d",
    "https://deno.land/x/dex@1.0.2/lib/deps/tarn@3.0.0/dist/utils.dew.js": "8a67ef10195fb210f52f6c2acb0f1f888cab04746ee2675f59f77e75184a5be5",
    "https://deno.land/x/dex@1.0.2/lib/deps/testing/asserts.ts": "213fedbb90a60ae232932c45bd62668f0c5cd17fc0f2a273e96506cba416d181",
    "https://deno.land/x/dex@1.0.2/lib/deps/testing/diff.ts": "8f591074fad5d35c0cafa63b1c5334dc3a17d5b934f3b9e07172eed9d5b55553",
    "https://deno.land/x/dex@1.0.2/lib/deps/uuid/_common.ts": "6fd4cb11fb959d6181fe91e7e0be77a91a0aee4dfea5fbc6cb768f1b56404298",
    "https://deno.land/x/dex@1.0.2/lib/deps/uuid/mod.ts": "3b37d4e0e75891caa5c63c79dedb68a5f449b6c4e9f57ec4e57e385099674030",
    "https://deno.land/x/dex@1.0.2/lib/deps/uuid/v1.ts": "0e37292975b956f6591c057398cfb4fbd9a06f22b45e22224fe9a5a9373126d7",
    "https://deno.land/x/dex@1.0.2/lib/deps/uuid/v4.ts": "ddfce12c2e271a9422751df420d755f44197856f41c6cd37e2606e168d978d58",
    "https://deno.land/x/dex@1.0.2/lib/deps/uuid/v5.ts": "4ed84017abfa62095861b9a3babed1169bc39db8261b3fdaccc3c5586b2d4862",
    "https://deno.land/x/dex@1.0.2/lib/dialects/mssql/index.js": "38ed68a4b3cef629a31bf467fbe2ad94378a7322355d2e4b4fa1d46bdf7af681",
    "https://deno.land/x/dex@1.0.2/lib/dialects/mssql/query/compiler.js": "2dee0a2d51ea947b554b538ed2ef536db9f2139436c1670c215c93b2b1b8005b",
    "https://deno.land/x/dex@1.0.2/lib/dialects/mssql/schema/columncompiler.js": "d6a918e88be7894251eb98ef906dc5ababaefd30fc7c255435d622e7a777ae7a",
    "https://deno.land/x/dex@1.0.2/lib/dialects/mssql/schema/compiler.js": "19d4d78bb0ac2f441a75bd9f562766346bfd9ac00471dd595b88e2c13ad2b827",
    "https://deno.land/x/dex@1.0.2/lib/dialects/mssql/schema/tablecompiler.js": "54c62f67a43d65cea4841620f804b52557cbe27405919bab3c7d41074c301429",
    "https://deno.land/x/dex@1.0.2/lib/dialects/mssql/transaction.js": "1becad1b09996e8d56ad5b032e94e08901cfec64864be23fbdc92e97b6ed1f98",
    "https://deno.land/x/dex@1.0.2/lib/dialects/mysql/index.js": "91265e108988ce934418e5abbbca77ad3dfd6e1a5522adcd7072036d64d4604a",
    "https://deno.land/x/dex@1.0.2/lib/dialects/mysql/query/compiler.js": "3caef72b86f21b7bad112b7a013309cd3bb1dd1edfbbe3d240cac4f250c9ef57",
    "https://deno.land/x/dex@1.0.2/lib/dialects/mysql/schema/columncompiler.js": "b2d7d654f3be9744bdd296f10cfd10a39a40ce94a4dcc827da71ee88ab765642",
    "https://deno.land/x/dex@1.0.2/lib/dialects/mysql/schema/compiler.js": "9b42ea4776624a2c60899513263bffc730ea4eb94a2d0fc8303a7eaa71983bea",
    "https://deno.land/x/dex@1.0.2/lib/dialects/mysql/schema/tablecompiler.js": "c97744b71b0334ededc73c7cdb58865a97b12023604e764fee9df091f68da774",
    "https://deno.land/x/dex@1.0.2/lib/dialects/mysql/transaction.js": "e8ad599b2ae495e450c87954872f3cc9df7ced55aff1204e2cd5c20bd2cf5ae5",
    "https://deno.land/x/dex@1.0.2/lib/dialects/mysql2/index.js": "6258e5eb9ee06b15c5586144b4818cf10cb6a99a37feffbb73b5f16f5233d401",
    "https://deno.land/x/dex@1.0.2/lib/dialects/mysql2/transaction.js": "f9d40301a2f59f4944f2034a995ae46dcf56973c6dad6a23cf348e39d26cb38a",
    "https://deno.land/x/dex@1.0.2/lib/dialects/oracle/formatter.js": "21e1570b8e531ca9010dabc6eb29a68232e67d760e4f0b2980c5cf169cbae715",
    "https://deno.land/x/dex@1.0.2/lib/dialects/oracle/index.js": "2e2abb10cf2ce4e570b0539e1595a58c062dbdc45fda765402f8f0a1cb4f533f",
    "https://deno.land/x/dex@1.0.2/lib/dialects/oracle/query/compiler.js": "9b01a22368ccdd9b085b7d8f62720a6cb7416f1488a4d967706d4fe9099306fd",
    "https://deno.land/x/dex@1.0.2/lib/dialects/oracle/schema/columnbuilder.js": "cff254dc80418e2c162680454dfabefc9dce7f21b961cdc7f5345244f3dfe9b4",
    "https://deno.land/x/dex@1.0.2/lib/dialects/oracle/schema/columncompiler.js": "b8ef068beac1074adecd0364c79a1084dc345c141d2fcea6f212020dd939f267",
    "https://deno.land/x/dex@1.0.2/lib/dialects/oracle/schema/compiler.js": "06905cb80b824f84e5c0f2490e44ba32565d5a1656fd665b0fc28e8c5da56660",
    "https://deno.land/x/dex@1.0.2/lib/dialects/oracle/schema/tablecompiler.js": "0d423fd2544809adf74a3d21def66487050457ddbc35665c6ff4388f3ea5fafb",
    "https://deno.land/x/dex@1.0.2/lib/dialects/oracle/schema/trigger.js": "7eb9cc6381fd5e91f133c965518ea83f8058229f54ef35b5d90b04cf9887e362",
    "https://deno.land/x/dex@1.0.2/lib/dialects/oracle/utils.js": "238d91db36a2f43f1704c48362f04cd33b47d8f3ba156b4c139677d8aaa2d6d0",
    "https://deno.land/x/dex@1.0.2/lib/dialects/oracledb/index.js": "10f2116aa7edde996fbaa41b954c2f4e12910aaa4577fb346c1fe26b8a586481",
    "https://deno.land/x/dex@1.0.2/lib/dialects/oracledb/query/compiler.js": "5d486c24ee5f52fcfedd92ca790824f3f50001c9a25d07c18e50d9b8c6daff8c",
    "https://deno.land/x/dex@1.0.2/lib/dialects/oracledb/schema/columncompiler.js": "20a586708ce77e4c3190d4f00edb2c42988ae8cad078c103030f959ab113d768",
    "https://deno.land/x/dex@1.0.2/lib/dialects/oracledb/transaction.js": "4c91767f677b91e59c2dbfcfe9491e84ca7ffa8ad1e087db912f9f7bd85bf0c1",
    "https://deno.land/x/dex@1.0.2/lib/dialects/oracledb/utils.js": "bdda12505333395baba1a730865360be83136ae7fa99e270b6c82f420008bc6a",
    "https://deno.land/x/dex@1.0.2/lib/dialects/postgres/index.js": "1ad83f84d4ae8253bb95a72ab16c514b7cb462c5c554fd8293d9e9b610273cda",
    "https://deno.land/x/dex@1.0.2/lib/dialects/postgres/query/compiler.js": "2617f04c5bbf81db5702bbf5bd3b87cd5bfa2460e9b60395d1e7ef1af2a037c4",
    "https://deno.land/x/dex@1.0.2/lib/dialects/postgres/schema/columncompiler.js": "22fed6b7c9604117f3429f58b32d75217f5b2ef6e082cd983279456a45dff86a",
    "https://deno.land/x/dex@1.0.2/lib/dialects/postgres/schema/compiler.js": "e9dc93aeb280f4d85c8ed6e324d30dc9639ee2c1a5747d5cfd8918e82d08fb50",
    "https://deno.land/x/dex@1.0.2/lib/dialects/postgres/schema/tablecompiler.js": "5f2dc11ea6326ae2c65743e6fec250beb29ba048ff2bd7f00893f8432becad11",
    "https://deno.land/x/dex@1.0.2/lib/dialects/redshift/index.js": "cac183732c3f5957607e541ea3dfee44919ae9846a5369fa9e0e6f21e1eca42e",
    "https://deno.land/x/dex@1.0.2/lib/dialects/redshift/query/compiler.js": "83963985e152a502406b155c842c9453f20e5b2f9924d4ee2c434f5731c4889c",
    "https://deno.land/x/dex@1.0.2/lib/dialects/redshift/schema/columnbuilder.js": "394d80aebc2de8c25f9de50b861e2e43412ba4821adfa19a7485c9a00eeca9ff",
    "https://deno.land/x/dex@1.0.2/lib/dialects/redshift/schema/columncompiler.js": "f0192b83ed74bdfb5caf56cbe9b3e4ea2056083a640e302ff0f2eada3ba37c65",
    "https://deno.land/x/dex@1.0.2/lib/dialects/redshift/schema/compiler.js": "6c81b85cce94426a916d8862bcbe5b627c95e5303cfcef7def4a28118bad692f",
    "https://deno.land/x/dex@1.0.2/lib/dialects/redshift/schema/tablecompiler.js": "7a6c018da11a60161a4b16184d743bc3fe04b912576a061020c917b610caa660",
    "https://deno.land/x/dex@1.0.2/lib/dialects/redshift/transaction.js": "281d64f8bb002378bc1f10b5fd6bcf780af49092ff61e0dc934b555b0fe320b7",
    "https://deno.land/x/dex@1.0.2/lib/dialects/sqlite3/formatter.js": "582acf206c737b25ce65622858b34c20eebc6fbaf51ba0a4565e0321ad235378",
    "https://deno.land/x/dex@1.0.2/lib/dialects/sqlite3/index.js": "b2830df3047a1b608872fc5e5519eb6f5cdca6936150d4050400241716f06e22",
    "https://deno.land/x/dex@1.0.2/lib/dialects/sqlite3/query/compiler.js": "7b1eaafc51f657d6dbb7ecb128ecd9f324299830d0351e7894b5487a5557e5ec",
    "https://deno.land/x/dex@1.0.2/lib/dialects/sqlite3/schema/columncompiler.js": "ea458daa6e04a4eb62b784aaed37fc2085f0d7965b9dc9778f8dd0a9a918f270",
    "https://deno.land/x/dex@1.0.2/lib/dialects/sqlite3/schema/compiler.js": "99b531c91b56be0162c245c77204880f5b8864fa09f7a272604ebcbd7dac3560",
    "https://deno.land/x/dex@1.0.2/lib/dialects/sqlite3/schema/ddl.js": "c14518917183ddaf6901b7ad1249903606dea253905985aa5a6d38c55508202f",
    "https://deno.land/x/dex@1.0.2/lib/dialects/sqlite3/schema/tablecompiler.js": "8fe99a7940b8acdacdad02365a0cc1c2760474bc369def2d3cfef17c1de43c81",
    "https://deno.land/x/dex@1.0.2/lib/formatter.js": "dad7c02dafe3b09335efcf4c1079119fc3a001fcc3b96f5317d87de9462471db",
    "https://deno.land/x/dex@1.0.2/lib/functionhelper.js": "44c969d138212a8c60973f7f3550cfed6ba1dc8947bf681a458034a9ab97196e",
    "https://deno.land/x/dex@1.0.2/lib/helpers.js": "ff3fa88c3f89561a005cc195d6ee0de505d4d57d744222c187e18af0f7693879",
    "https://deno.land/x/dex@1.0.2/lib/index.js": "419e59e52c4bfa3f6db3719c789f4cfc17b27272a5da43fd09e8636950a31f87",
    "https://deno.land/x/dex@1.0.2/lib/interface.js": "4ddfad4f2a170dd614160bbb26d262fe1a3ac47c6d1282aa8284426b7b378fd0",
    "https://deno.land/x/dex@1.0.2/lib/knex.js": "a50302bbf34cb03c2dc39413eae6b0209eddcef82c2f3080aa371548e1ed9c0e",
    "https://deno.land/x/dex@1.0.2/lib/logger.js": "ed4689e2847d2362396ad32597523d9f065b6502149c2c63cc75d12482d61791",
    "https://deno.land/x/dex@1.0.2/lib/migrate/MigrationGenerator.js": "9877999efe90f4753439bc4ddb49463c47d14afa8cc56350b1b27c5bd1310832",
    "https://deno.land/x/dex@1.0.2/lib/migrate/Migrator.js": "c117a9b74071223060bab65ad11750612f71784f259c86c554c08c3dbadff010",
    "https://deno.land/x/dex@1.0.2/lib/migrate/configuration-merger.js": "f4bac53afdca1002333b0b4cf2c8d344179e25a17dc481906278983ff131bee6",
    "https://deno.land/x/dex@1.0.2/lib/migrate/migration-list-resolver.js": "1a5680a1330173f1153f925aa875ee3d2b1102726e01c40be9148170b1582a0d",
    "https://deno.land/x/dex@1.0.2/lib/migrate/sources/fs-migrations.js": "7738873ccff41f971c7ff8489a34a894eb335dfdbe717f442bd044dadcabd731",
    "https://deno.land/x/dex@1.0.2/lib/migrate/table-creator.js": "11f00c312f9e7f496180567d60e42fe6970f219b22cb2fa12138dad4d7997646",
    "https://deno.land/x/dex@1.0.2/lib/migrate/table-resolver.js": "1adb5fe98fb3bdf2fdfd48fb88d53506223b89a16b59f41f7bb13ed21a8eeaef",
    "https://deno.land/x/dex@1.0.2/lib/query/builder.js": "195772ea3b2947fc609c67602e1a432f0619d3b1a69ba9f5b16636f8712f387f",
    "https://deno.land/x/dex@1.0.2/lib/query/compiler.js": "afd2343d754ac253bebb40b987d66ff1acf6d43513b8ffc8bcbf8d140c3cc498",
    "https://deno.land/x/dex@1.0.2/lib/query/constants.js": "aa759917084d1d12a876bb689f8058979e3fc45210038798e9e759d1575e8d49",
    "https://deno.land/x/dex@1.0.2/lib/query/joinclause.js": "a9947adb7d9de96aa5bd07f29729c6858c0b1195600c3459adc0c78695992983",
    "https://deno.land/x/dex@1.0.2/lib/query/methods.js": "23a0caa145aa6af1d2eee45b6c0c72aa833121db38418ac326c8be8237b6cac9",
    "https://deno.land/x/dex@1.0.2/lib/query/string.js": "efe3793bbe18355227141af317fb3de1bdc0c3db97673c25b44bbe064302e37f",
    "https://deno.land/x/dex@1.0.2/lib/raw.js": "8f02ac5a13106228d9650e3e5786ee718f7f9309de7bc05b4d8ae3beb113f597",
    "https://deno.land/x/dex@1.0.2/lib/ref.js": "8fed69992ffa97ef81a243f4ea8595d2e376e21fa6606ce931a89684532013e4",
    "https://deno.land/x/dex@1.0.2/lib/runner.js": "b1c490f1cc68021860d116ee03947af16685295212b08579b7b02bd45eaac192",
    "https://deno.land/x/dex@1.0.2/lib/schema/builder.js": "6c3c63f68e0e6d823143edb5900a1a09c88e29fd560f0ff80e3744ffe7762264",
    "https://deno.land/x/dex@1.0.2/lib/schema/columnbuilder.js": "3c7c4f6e51ed7c339ff57f0fbe68a372d0d8564f895a6254973ae93b5a57080a",
    "https://deno.land/x/dex@1.0.2/lib/schema/columncompiler.js": "b664d861f2a6eba971db2b3a21b6097871003b532f364e72a3452afd91c2693e",
    "https://deno.land/x/dex@1.0.2/lib/schema/compiler.js": "f6932550baaa6bb01a993fcba27d2ecb44d965e9623e68d434701e3c94be36b0",
    "https://deno.land/x/dex@1.0.2/lib/schema/helpers.js": "c9b0af290743f02274e5d29db6aa71d04994ca8b92b8eef33b8fd7b09d0cf9fd",
    "https://deno.land/x/dex@1.0.2/lib/schema/tablebuilder.js": "610083dafeabd60b2a76f7fd7bfa1c8e0f7dcf3e077c809502e6a8b44e7d2eb4",
    "https://deno.land/x/dex@1.0.2/lib/schema/tablecompiler.js": "ab5cdb71bebad20b38a85817f3068fc7e13917f0ba59944b8e63cc6a11208e1f",
    "https://deno.land/x/dex@1.0.2/lib/seed/Seeder.js": "7d84c05ca2322dadf07f173b4e5aac4c4edaa1b3fe9b8a575292fad8d4e83a0b",
    "https://deno.land/x/dex@1.0.2/lib/transaction.js": "6e571570d21c15c9289ca5510ac9d694a0ede0ec3e9f935070db41928d96759d",
    "https://deno.land/x/dex@1.0.2/lib/util/batchInsert.js": "84e105bfcee386ca82893308c8340ca2b378baa3a0376fe137bc5431f03a3738",
    "https://deno.land/x/dex@1.0.2/lib/util/delay.js": "42b2dd33e002715f020c6d8291779ad225e5cf2bd25001e033f00b3c94b53deb",
    "https://deno.land/x/dex@1.0.2/lib/util/fake-client.js": "46e24cd835299975c9cc0540f39f289829378a35d4439669e27aaa663cbccdf0",
    "https://deno.land/x/dex@1.0.2/lib/util/finally-mixin.js": "dc8b9acd8071a729b26fef9796951c0c34e8c00af2cdd6963321e1744257b3aa",
    "https://deno.land/x/dex@1.0.2/lib/util/fs.js": "bcba839708f140c76fc6ce8a3bc4f1eae167da782f707f4917103f8e3b7b2ef5",
    "https://deno.land/x/dex@1.0.2/lib/util/make-knex.js": "6e465b37637f41118a57d1773afc301343bbd4311c694258bbcb6ec5c08a1e6d",
    "https://deno.land/x/dex@1.0.2/lib/util/noop.js": "093c974041f8a8398c98307509113eb6ba93391d7795869302367fdd0f2be990",
    "https://deno.land/x/dex@1.0.2/lib/util/parse-connection.js": "44317bbaa56f11443fd9fefdc70651b4d1d028e7d80a024170842b00e66433b7",
    "https://deno.land/x/dex@1.0.2/lib/util/save-async-stack.js": "07e4c038f79ac78209ef8584c8bfdee99572a80e024075cf89940af42f482360",
    "https://deno.land/x/dex@1.0.2/lib/util/template.js": "c001dbcc7f3c2f46d0aa854a004719bdcbface16878bedb271e87b515f7b3b47",
    "https://deno.land/x/dex@1.0.2/lib/util/timeout.js": "2aeebed1e5c8dacf20e78044d5cae0c350538ba4e1f331e7f67dad997cd22262",
    "https://deno.land/x/dex@1.0.2/mod.ts": "377ffcdf85893be62ceff80c94a599474b4190eae339b81c9587912850301f77",
    "https://deno.land/x/esbuild@v0.14.51/mod.d.ts": "c142324d0383c39de0d7660cd207a7f7f52c7198a13d7d3281c0d636a070f441",
    "https://deno.land/x/esbuild@v0.14.51/mod.js": "7432566c71fac77637822dc230319c7392a2d2fef51204c9d12c956d7093c279",
    "https://deno.land/x/esbuild@v0.14.51/wasm.d.ts": "c142324d0383c39de0d7660cd207a7f7f52c7198a13d7d3281c0d636a070f441",
    "https://deno.land/x/esbuild@v0.14.51/wasm.js": "afc1b6927543b664af60ce452c4929e5dc2bb9a0f4ed47b446a6431847c7598e",
    "https://deno.land/x/esbuild_deno_loader@0.5.2/deps.ts": "bf83c27b7787b2f245fa0bc0b99f5041aa949c000a81c016cfe828d06b476d37",
    "https://deno.land/x/esbuild_deno_loader@0.5.2/mod.ts": "bc111a68f323dbdb6edec68dd558ab732b27866d2ef304708872d763387b65d7",
    "https://deno.land/x/esbuild_deno_loader@0.5.2/src/deno.ts": "0e83ccabbe2b004389288e38df2031b79eb347df2d139fce9394d8e88a11f259",
    "https://deno.land/x/esbuild_deno_loader@0.5.2/src/native_loader.ts": "343854a566cf510cf25144f7c09fc0c1097780a31830305142a075d12bb697ba",
    "https://deno.land/x/esbuild_deno_loader@0.5.2/src/portable_loader.ts": "35b6c526eed8c2c781a3256b23c30aa7cce69c0ef1d583c15528663287ba18a3",
    "https://deno.land/x/esbuild_deno_loader@0.5.2/src/shared.ts": "b64749cd8c0f6252a11498bd8758ef1220003e46b2c9b68e16da63fd7e92b13a",
    "https://deno.land/x/fresh@1.1.2/dev.ts": "a66c7d64be35bcd6a8e12eec9c27ae335044c70363a241f2e36ee776db468622",
    "https://deno.land/x/fresh@1.1.2/runtime.ts": "b02ec1e2e32cf73a33d262b7c9dcab9468ce16cd89fd424196c71003698a4ab0",
    "https://deno.land/x/fresh@1.1.2/server.ts": "f379c9aad24471a71e58fb887fa57e5cc27ad9df035987eb260541c78df38e84",
    "https://deno.land/x/fresh@1.1.2/src/dev/deps.ts": "de5470828c17839c0b52c328e6709f3477740b9800deaf724d6569b64b1d3872",
    "https://deno.land/x/fresh@1.1.2/src/dev/error.ts": "21a38d240c00279662e6adde41367f1da0ae7e2836d993f818ea94aabab53e7b",
    "https://deno.land/x/fresh@1.1.2/src/dev/mod.ts": "f5836b2eccd0efd7c0a726a121f174a974daefc22058f759f07d4df56c46e978",
    "https://deno.land/x/fresh@1.1.2/src/runtime/csp.ts": "9ee900e9b0b786057b1009da5976298c202d1b86d1f1e4d2510bde5f06530ac9",
    "https://deno.land/x/fresh@1.1.2/src/runtime/head.ts": "0f9932874497ab6e57ed1ba01d549e843523df4a5d36ef97460e7a43e3132fdc",
    "https://deno.land/x/fresh@1.1.2/src/runtime/utils.ts": "8320a874a44bdd5905c7d4b87a0e7a14a6c50a2ed133800e72ae57341e4d4faa",
    "https://deno.land/x/fresh@1.1.2/src/server/bundle.ts": "f529a54ea5e078b9bd94c64c2ad345a3ba763b39c25b6e61f90629bdfa39c2ff",
    "https://deno.land/x/fresh@1.1.2/src/server/constants.ts": "ad10dda1bc20c25c2926f6a8cfd79ef4368d70b4b03a645f65c04b3fa7d93a8c",
    "https://deno.land/x/fresh@1.1.2/src/server/context.ts": "b385b982de2e5ee6e543dd56aad0e88f8f8fe5d9497909cf16caaf23b4d88b62",
    "https://deno.land/x/fresh@1.1.2/src/server/default_error_page.ts": "1155ac98b3729bf2e51be730af507e431db0ee43ac84c86f1c022a831b310106",
    "https://deno.land/x/fresh@1.1.2/src/server/deps.ts": "1c4e05b7d6e4eecc0012c9ec30ee587d8f533ab67c2bcb59048ed5f76841a770",
    "https://deno.land/x/fresh@1.1.2/src/server/htmlescape.ts": "834ac7d0caa9fc38dffd9b8613fb47aeecd4f22d5d70c51d4b20a310c085835c",
    "https://deno.land/x/fresh@1.1.2/src/server/mod.ts": "72d213444334dd2e94c757a0eee0fc486c0919399ea9184d07ad042f34edd00d",
    "https://deno.land/x/fresh@1.1.2/src/server/render.ts": "6f50707bd1f6e33ed84bb71ae3b0996d202b953cefc4285f5356524c7b21f01f",
    "https://deno.land/x/fresh@1.1.2/src/server/types.ts": "dde992ab4ee635df71a7fc96fe4cd85943c1a9286ea8eb586563d5f5ca154955",
    "https://deno.land/x/importmap@0.2.1/_util.ts": "ada9a9618b537e6c0316c048a898352396c882b9f2de38aba18fd3f2950ede89",
    "https://deno.land/x/importmap@0.2.1/mod.ts": "ae3d1cd7eabd18c01a4960d57db471126b020f23b37ef14e1359bbb949227ade",
    "https://deno.land/x/postgres@v0.17.0/client.ts": "348779c9f6a1c75ef1336db662faf08dce7d2101ff72f0d1e341ba1505c8431d",
    "https://deno.land/x/postgres@v0.17.0/client/error.ts": "0817583b666fd546664ed52c1d37beccc5a9eebcc6e3c2ead20ada99b681e5f7",
    "https://deno.land/x/postgres@v0.17.0/connection/auth.ts": "1070125e2ac4ca4ade36d69a4222d37001903092826d313217987583edd61ce9",
    "https://deno.land/x/postgres@v0.17.0/connection/connection.ts": "428ed3efa055870db505092b5d3545ef743497b7b4b72cf8f0593e7dd4788acd",
    "https://deno.land/x/postgres@v0.17.0/connection/connection_params.ts": "52bfe90e8860f584b95b1b08c254dde97c3aa763c4b6bee0c80c5930e35459e0",
    "https://deno.land/x/postgres@v0.17.0/connection/message.ts": "f9257948b7f87d58bfbfe3fc6e2e08f0de3ef885655904d56a5f73655cc22c5a",
    "https://deno.land/x/postgres@v0.17.0/connection/message_code.ts": "466719008b298770c366c5c63f6cf8285b7f76514dadb4b11e7d9756a8a1ddbf",
    "https://deno.land/x/postgres@v0.17.0/connection/packet.ts": "050aeff1fc13c9349e89451a155ffcd0b1343dc313a51f84439e3e45f64b56c8",
    "https://deno.land/x/postgres@v0.17.0/connection/scram.ts": "0c7a2551fe7b1a1c62dd856b7714731a7e7534ccca10093336782d1bfc5b2bd2",
    "https://deno.land/x/postgres@v0.17.0/deps.ts": "f47ccb41f7f97eaad455d94f407ef97146ae99443dbe782894422c869fbba69e",
    "https://deno.land/x/postgres@v0.17.0/mod.ts": "a1e18fd9e6fedc8bc24e5aeec3ae6de45e2274be1411fb66e9081420c5e81d7d",
    "https://deno.land/x/postgres@v0.17.0/pool.ts": "892db7b5e1787988babecc994a151ebbd7d017f080905cbe9c3d7b44a73032a9",
    "https://deno.land/x/postgres@v0.17.0/query/array_parser.ts": "f8a229d82c3801de8266fa2cc4afe12e94fef8d0c479e73655c86ed3667ef33f",
    "https://deno.land/x/postgres@v0.17.0/query/decode.ts": "44a4a6cbcf494ed91a4fecae38a57dce63a7b519166f02c702791d9717371419",
    "https://deno.land/x/postgres@v0.17.0/query/decoders.ts": "16cb0e60227d86692931e315421b15768c78526e3aeb84e25fcc4111096de9fd",
    "https://deno.land/x/postgres@v0.17.0/query/encode.ts": "5f1418a2932b7c2231556e4a5f5f56efef48728014070cfafe7656963f342933",
    "https://deno.land/x/postgres@v0.17.0/query/oid.ts": "8c33e1325f34e4ca9f11a48b8066c8cfcace5f64bc1eb17ad7247af4936999e1",
    "https://deno.land/x/postgres@v0.17.0/query/query.ts": "edb473cbcfeff2ee1c631272afb25d079d06b66b5853f42492725b03ffa742b6",
    "https://deno.land/x/postgres@v0.17.0/query/transaction.ts": "8e75c3ce0aca97da7fe126e68f8e6c08d640e5c8d2016e62cee5c254bebe7fe8",
    "https://deno.land/x/postgres@v0.17.0/query/types.ts": "a6dc8024867fe7ccb0ba4b4fa403ee5d474c7742174128c8e689c3b5e5eaa933",
    "https://deno.land/x/postgres@v0.17.0/utils/deferred.ts": "dd94f2a57355355c47812b061a51b55263f72d24e9cb3fdb474c7519f4d61083",
    "https://deno.land/x/postgres@v0.17.0/utils/utils.ts": "19c3527ddd5c6c4c49ae36397120274c7f41f9d3cbf479cb36065d23329e9f90",
    "https://deno.land/x/rutt@0.0.13/mod.ts": "af981cfb95131152bf50fc9140fc00cb3efb6563df2eded1d408361d8577df20",
    "https://deno.land/x/ts_morph@16.0.0/common/DenoRuntime.ts": "537800e840d0994f9055164e11bf33eadf96419246af0d3c453793c3ae67bdb3",
    "https://deno.land/x/ts_morph@16.0.0/common/mod.ts": "01985d2ee7da8d1caee318a9d07664774fbee4e31602bc2bb6bb62c3489555ed",
    "https://deno.land/x/ts_morph@16.0.0/common/ts_morph_common.d.ts": "39f2ddefd4995e4344236c44c2bf296069149f45ef6f00440b56e7b32cb2b3bd",
    "https://deno.land/x/ts_morph@16.0.0/common/ts_morph_common.js": "7d908bf4f416aa96de956dc11ecc83b585bed297e16418d496ca04a3481067e0",
    "https://deno.land/x/ts_morph@16.0.0/common/typescript.d.ts": "df7dd83543f14081ca74918d5a80ff60f634f465746cf2aff8924b28bcc3b152",
    "https://deno.land/x/ts_morph@16.0.0/common/typescript.js": "5c59651248a4c41b25fa7beee8e0d0d0fab5f439fa72d478e65abd8241aa533c",
    "https://deno.land/x/ts_morph@16.0.0/mod.ts": "adba9b82f24865d15d2c78ef6074b9a7457011719056c9928c800f130a617c93",
    "https://deno.land/x/ts_morph@16.0.0/ts_morph.d.ts": "38668b0e3780282a56a805425494490b0045d1928bd040c47a94095749dab8c3",
    "https://deno.land/x/ts_morph@16.0.0/ts_morph.js": "9fc0f3d6a3997c2df023fabc4e529d2117d214ffd4fd04247ca2f56c4e9cd470",
    "https://esm.sh/*preact-render-to-string@5.2.4": "bc2c731f186efa0c21b57b43789d6c107e0b8ef320f472954ba6fedfb2943372",
    "https://esm.sh/preact@10.11.0": "e888b244446037c56f1881173fb51d1f5fa7aae5599e6c5154619346a6a5094e",
    "https://esm.sh/preact@10.11.0/hooks": "2b8ec155eb8b87501663f074acff1d55a9114fa7d88f0b39da06c940af1ff736",
    "https://esm.sh/preact@10.11.0/jsx-runtime": "5c123264f19799ab243211132dded45f6d42d594b5c78dd585f947d07bf20eae",
    "https://esm.sh/stable/preact@10.11.0/deno/hooks.js": "48b7674c1f0c2a0f8a0f758b786f5bc15ba0f7a4f3a356ecc783848f1e4a1c55",
    "https://esm.sh/stable/preact@10.11.0/deno/jsx-runtime.js": "b5a8e96758c20b5dea05802c6f6962b8a95bfdbd476eb4ea51cf3234f6e09271",
    "https://esm.sh/stable/preact@10.11.0/deno/preact.js": "071b515099e5dff2fe56768be62644e32fab702b194171357ccc4d7d1210144a",
    "https://esm.sh/v95/preact@10.11.0/hooks/src/index.d.ts": "5c29febb624fc25d71cb0e125848c9b711e233337a08f7eacfade38fd4c14cc3",
    "https://esm.sh/v95/preact@10.11.0/jsx-runtime/src/index.d.ts": "e153460ed2b3fe2ad8b93696ecd48fbf73cd628b0b0ea6692b71804a3af69dfd",
    "https://esm.sh/v95/preact@10.11.0/src/index.d.ts": "1a5c331227be54be6515b0c92a469d352834fa413963ae84a39a05a3177111f6",
    "https://esm.sh/v95/preact@10.11.0/src/jsx.d.ts": "c423715fd7992b2e1446fea11d2d04e8adbd66c1edca1ce5e85f90e0d26a2eb2",
    "https://esm.sh/v96/preact-render-to-string@5.2.4/X-ZS8q/deno/preact-render-to-string.js": "75aad97b00d5ad63383de7f729a3f1fea59e69a9b876db5551d9c746ed372f82",
    "https://esm.sh/v96/preact-render-to-string@5.2.4/X-ZS8q/src/index.d.ts": "b1d73703252c8570fdf2952475805f5808ba3511fefbd93a3e7bd8406de7dcd0",
    "https://esm.sh/v96/preact@10.11.0/src/index.d.ts": "1a5c331227be54be6515b0c92a469d352834fa413963ae84a39a05a3177111f6",
    "https://esm.sh/v96/preact@10.11.0/src/jsx.d.ts": "c423715fd7992b2e1446fea11d2d04e8adbd66c1edca1ce5e85f90e0d26a2eb2"
  },
  "npm": {
    "specifiers": { "prisma": "prisma@4.8.0" },
    "packages": {
      "@prisma/engines@4.8.0": {
        "integrity": "sha512-A1Asn2rxZMlLAj1HTyfaCv0VQrLUv034jVay05QlqZg1qiHPeA3/pGTfNMijbsMYCsGVxfWEJuaZZuNxXGMCrA==",
        "dependencies": {}
      },
      "prisma@4.8.0": {
        "integrity": "sha512-DWIhxvxt8f4h6MDd35mz7BJff+fu7HItW3WPDIEpCR3RzcOWyiHBbLQW5/DOgmf+pRLTjwXQob7kuTZVYUAw5w==",
        "dependencies": { "@prisma/engines": "@prisma/engines@4.8.0" }
      }
    }
  }
}
